
Microsoft Visual Studio Solution File, Format Version 12.00
Project("{FAE04EC0-301F-11D3-BF4B-00C04F79EFBC}") = "Kata-PayslipAttempt2", "Kata-PayslipAttempt2\Kata-PayslipAttempt2.csproj", "{DE1CFEB9-27E3-46E8-9369-75B365E39DEE}"
EndProject
Project("{FAE04EC0-301F-11D3-BF4B-00C04F79EFBC}") = "Kata-PayslipAttempt2.Tests", "Kata-PayslipAttempt2.Tests\Kata-PayslipAttempt2.Tests.csproj", "{0F690424-5BFF-46F2-988F-9F780EF5CD13}"
EndProject
Global
	GlobalSection(SolutionConfigurationPlatforms) = preSolution
		Debug|Any CPU = Debug|Any CPU
		Release|Any CPU = Release|Any CPU
	EndGlobalSection
	GlobalSection(ProjectConfigurationPlatforms) = postSolution
		{DE1CFEB9-27E3-46E8-9369-75B365E39DEE}.Debug|Any CPU.ActiveCfg = Debug|Any CPU
		{DE1CFEB9-27E3-46E8-9369-75B365E39DEE}.Debug|Any CPU.Build.0 = Debug|Any CPU
		{DE1CFEB9-27E3-46E8-9369-75B365E39DEE}.Release|Any CPU.ActiveCfg = Release|Any CPU
		{DE1CFEB9-27E3-46E8-9369-75B365E39DEE}.Release|Any CPU.Build.0 = Release|Any CPU
		{0F690424-5BFF-46F2-988F-9F780EF5CD13}.Debug|Any CPU.ActiveCfg = Debug|Any CPU
		{0F690424-5BFF-46F2-988F-9F780EF5CD13}.Debug|Any CPU.Build.0 = Debug|Any CPU
		{0F690424-5BFF-46F2-988F-9F780EF5CD13}.Release|Any CPU.ActiveCfg = Release|Any CPU
		{0F690424-5BFF-46F2-988F-9F780EF5CD13}.Release|Any CPU.Build.0 = Release|Any CPU
	EndGlobalSection
EndGlobal
